<?xml version="1.0" encoding="UTF-8"?>
<Scheme
   LastUpgradeVersion = "0630"
   version = "1.7">
   <BuildAction
      parallelizeBuildables = "NO"
      buildImplicitDependencies = "YES">
      <PreActions>
         <ExecutionAction
            ActionType = "Xcode.IDEStandardExecutionActionsCore.ExecutionActionType.ShellScriptAction">
            <ActionContent
               title = "Run Script"
               scriptText = "echo \#define IconOverlayHandlers_drawImage IconOverlayHandlers_drawImage$RANDOM &gt; ${PROJECT_DIR}/MethodNames.h&#10;echo \#define IconOverlayHandlers_drawIconWithFrame IconOverlayHandlers_drawIconWithFrame$RANDOM &gt;&gt; ${PROJECT_DIR}/MethodNames.h&#10;echo \#define IconOverlayHandlers_drawRect IconOverlayHandlers_drawRect$RANDOM &gt;&gt; ${PROJECT_DIR}/MethodNames.h&#10;echo \#define ContextMenuHandlers_addViewSpecificStuffToMenu ContextMenuHandlers_addViewSpecificStuffToMenu$RANDOM &gt;&gt; ${PROJECT_DIR}/MethodNames.h&#10;echo \#define ContextMenuHandlers_handleContextMenuCommon ContextMenuHandlers_handleContextMenuCommon$RANDOM &gt;&gt; ${PROJECT_DIR}/MethodNames.h&#10;echo \#define ContextMenuHandlers_configureWithNodes ContextMenuHandlers_configureWithNodes$RANDOM &gt;&gt; ${PROJECT_DIR}/MethodNames.h&#10;echo \#define ContextMenuHandlers_configureFromMenuNeedsUpdate ContextMenuHandlers_configureFromMenuNeedsUpdate$RANDOM &gt;&gt; ${PROJECT_DIR}/MethodNames.h&#10;echo \#define IconOverlayHandlers_IKImageBrowserCell_drawImage IconOverlayHandlers_IKImageBrowserCell_drawImage$RANDOM &gt;&gt; ${PROJECT_DIR}/MethodNames.h&#10;echo \#define IconOverlayHandlers_IKFinderReflectiveIconCell_drawImage IconOverlayHandlers_IKFinderReflectiveIconCell_drawImage$RANDOM &gt;&gt; ${PROJECT_DIR}/MethodNames.h">
               <EnvironmentBuildable>
                  <BuildableReference
                     BuildableIdentifier = "primary"
                     BlueprintIdentifier = "8D57630D048677EA00EA77CD"
                     BuildableName = "LiferayNativityFinder.bundle"
                     BlueprintName = "LiferayNativityFinder"
                     ReferencedContainer = "container:../LiferayNativityFinder/LiferayNativityFinder.xcodeproj">
                  </BuildableReference>
               </EnvironmentBuildable>
            </ActionContent>
         </ExecutionAction>
      </PreActions>
      <BuildActionEntries>
         <BuildActionEntry
            buildForTesting = "YES"
            buildForRunning = "YES"
            buildForProfiling = "YES"
            buildForArchiving = "YES"
            buildForAnalyzing = "YES">
            <BuildableReference
               BuildableIdentifier = "primary"
               BlueprintIdentifier = "8D57630D048677EA00EA77CD"
               BuildableName = "LiferayNativityFinder.bundle"
               BlueprintName = "LiferayNativityFinder"
               ReferencedContainer = "container:../LiferayNativityFinder/LiferayNativityFinder.xcodeproj">
            </BuildableReference>
         </BuildActionEntry>
         <BuildActionEntry
            buildForTesting = "YES"
            buildForRunning = "YES"
            buildForProfiling = "YES"
            buildForArchiving = "YES"
            buildForAnalyzing = "YES">
            <BuildableReference
               BuildableIdentifier = "primary"
               BlueprintIdentifier = "8D57630D048677EA00EA77CD"
               BuildableName = "LiferayNativity.osax"
               BlueprintName = "LiferayNativity.osax"
               ReferencedContainer = "container:LiferayNativityInjector.xcodeproj">
            </BuildableReference>
         </BuildActionEntry>
      </BuildActionEntries>
   </BuildAction>
   <TestAction
      selectedDebuggerIdentifier = "Xcode.DebuggerFoundation.Debugger.LLDB"
      selectedLauncherIdentifier = "Xcode.DebuggerFoundation.Launcher.LLDB"
      shouldUseLaunchSchemeArgsEnv = "YES"
      buildConfiguration = "Debug">
      <Testables>
      </Testables>
   </TestAction>
   <LaunchAction
      selectedDebuggerIdentifier = "Xcode.DebuggerFoundation.Debugger.LLDB"
      selectedLauncherIdentifier = "Xcode.DebuggerFoundation.Launcher.LLDB"
      launchStyle = "0"
      useCustomWorkingDirectory = "NO"
      buildConfiguration = "Debug"
      ignoresPersistentStateOnLaunch = "NO"
      debugDocumentVersioning = "YES"
      allowLocationSimulation = "YES">
      <MacroExpansion>
         <BuildableReference
            BuildableIdentifier = "primary"
            BlueprintIdentifier = "8D57630D048677EA00EA77CD"
            BuildableName = "LiferayNativityFinder.bundle"
            BlueprintName = "LiferayNativityFinder"
            ReferencedContainer = "container:../LiferayNativityFinder/LiferayNativityFinder.xcodeproj">
         </BuildableReference>
      </MacroExpansion>
      <AdditionalOptions>
      </AdditionalOptions>
   </LaunchAction>
   <ProfileAction
      shouldUseLaunchSchemeArgsEnv = "YES"
      savedToolIdentifier = ""
      useCustomWorkingDirectory = "NO"
      buildConfiguration = "Release"
      debugDocumentVersioning = "YES">
   </ProfileAction>
   <AnalyzeAction
      buildConfiguration = "Debug">
   </AnalyzeAction>
   <ArchiveAction
      buildConfiguration = "Release"
      revealArchiveInOrganizer = "YES">
   </ArchiveAction>
</Scheme>
